dependencies:
  espressif/esp-nn:
    component_hash: e98a7dd3dfde460b1b4ca982e2ebae0b4831719a8e4659d19c145943deaf682b
    dependencies:
    - name: idf
      require: private
      version: '>=4.2'
    source:
      registry_url: https://components.espressif.com/
      type: service
    version: 1.2.3
  espressif/libsodium:
    component_hash: 39c9dc77d81804d54a539c8f076faed165152be7720ddd0e721acb9daf4aa5af
    dependencies:
    - name: idf
      require: private
      version: '>=4.2'
    source:
      registry_url: https://components.espressif.com/
      type: service
    version: 1.0.22
  idf:
    source:
      type: idf
    version: 6.0.0
direct_dependencies:
- espressif/esp-nn
- espressif/libsodium
- idf
manifest_hash: 033c1e58a3cfab045a91f916f31e27736b587bd972b2abde2ba38c292ceeb522
target: esp32s3
version: 3.0.0
